
Microsoft Visual Studio Solution File, Format Version 12.00
# Visual Studio Version 16
VisualStudioVersion = 16.0.810.11
MinimumVisualStudioVersion = 10.0.40219.1
Project("{FAE04EC0-301F-11D3-BF4B-00C04F79EFBC}") = "RealEstate.Api", "RealEstate.Api\RealEstate.Api.csproj", "{7D0B7F2F-C6A2-4D37-85A7-F91BF3378058}"
EndProject
Global
	GlobalSection(SolutionConfigurationPlatforms) = preSolution
		Debug|Any CPU = Debug|Any CPU
		Release|Any CPU = Release|Any CPU
	EndGlobalSection
	GlobalSection(ProjectConfigurationPlatforms) = postSolution
		{7D0B7F2F-C6A2-4D37-85A7-F91BF3378058}.Debug|Any CPU.ActiveCfg = Debug|Any CPU
		{7D0B7F2F-C6A2-4D37-85A7-F91BF3378058}.Debug|Any CPU.Build.0 = Debug|Any CPU
		{7D0B7F2F-C6A2-4D37-85A7-F91BF3378058}.Release|Any CPU.ActiveCfg = Release|Any CPU
		{7D0B7F2F-C6A2-4D37-85A7-F91BF3378058}.Release|Any CPU.Build.0 = Release|Any CPU
	EndGlobalSection
	GlobalSection(SolutionProperties) = preSolution
		HideSolutionNode = FALSE
	EndGlobalSection
	GlobalSection(ExtensibilityGlobals) = postSolution
		SolutionGuid = {70330F5F-CBD0-4FB4-B88C-CCE2BBE4D9A0}
	EndGlobalSection
EndGlobal
